<Solution>
  <Folder Name="/src/">
    <Project Path="src/TaskFlow.Api/TaskFlow.Api.csproj" />
    <Project Path="src/TaskFlow.Application/TaskFlow.Application.csproj" />
    <Project Path="src/TaskFlow.Domain/TaskFlow.Domain.csproj" />
    <Project Path="src/TaskFlow.Infrastructure/TaskFlow.Infrastructure.csproj" />
  </Folder>
  <Folder Name="/tests/">
    <Project Path="Tests/TaskFlow.Api.IntegrationTests/TaskFlow.Api.IntegrationTests.csproj" />
    <Project Path="Tests/TaskFlow.Application.Tests/TaskFlow.Application.Tests.csproj" />
    <Project Path="Tests/TaskFlow.Domain.Tests/TaskFlow.Domain.Tests.csproj" />
  </Folder>
</Solution>
